
Microsoft Visual Studio Solution File, Format Version 12.00
# Visual Studio Version 17
VisualStudioVersion = 17.5.33414.496
MinimumVisualStudioVersion = 10.0.40219.1
Project("{888888A0-9F3D-457C-B088-3A5042F75D52}") = "MSP", "MSP\MSP.pyproj", "{10E1C14C-20E0-4788-8452-D2CC9BDFABCA}"
EndProject
Global
	GlobalSection(SolutionConfigurationPlatforms) = preSolution
		Debug|Any CPU = Debug|Any CPU
		Release|Any CPU = Release|Any CPU
	EndGlobalSection
	GlobalSection(ProjectConfigurationPlatforms) = postSolution
		{10E1C14C-20E0-4788-8452-D2CC9BDFABCA}.Debug|Any CPU.ActiveCfg = Debug|Any CPU
		{10E1C14C-20E0-4788-8452-D2CC9BDFABCA}.Release|Any CPU.ActiveCfg = Release|Any CPU
	EndGlobalSection
	GlobalSection(SolutionProperties) = preSolution
		HideSolutionNode = FALSE
	EndGlobalSection
	GlobalSection(ExtensibilityGlobals) = postSolution
		SolutionGuid = {8D3AD618-3FF1-4484-AB92-E7D40CF17589}
	EndGlobalSection
EndGlobal
